{
	"name":"New Project",
	"version":null,
	"type":null,
	"stability":null,
	"uniqueName":"New Project",
	"packages":{
		"ln-e\/console":{
			"name":"ln-e\/console",
			"type":"library",
			"targetDir":"ln-e\/console",
			"sourceType":"git",
			"sourceUrl":"https:\/\/github.com\/ln-e\/console.git",
			"sourceReference":"4add6ecef0a1126de275be60731cc5af4e05f403",
			"distType":"zip",
			"distUrl":"https:\/\/api.github.com\/repos\/ln-e\/console\/zipball\/4add6ecef0a1126de275be60731cc5af4e05f403",
			"distReference":"4add6ecef0a1126de275be60731cc5af4e05f403",
			"version":"master",
			"prettyVersion":"master",
			"releaseDate":null,
			"stability":null,
			"requiredPackages":{},
			"requires":{},
			"conflicts":{},
			"devRequires":{},
			"classPath":{},
			"autoload":{
				"namespace":{
					"Ln-e\/Console":"src"
				}
			},
			"repository":null,
			"uniqueName":"ln-e\/consolemaster"
		}
	},
	"releaseDate":"1475532656",
	"updated":"1475532656"
}