{
	"name":"New Project",
	"version":null,
	"type":null,
	"stability":null,
	"uniqueName":"New Project",
	"packages":{
		"ln-e\/console":{
			"name":"ln-e\/console",
			"type":"library",
			"targetDir":"ln-e\/console",
			"sourceType":"git",
			"sourceUrl":"https:\/\/github.com\/ln-e\/console.git",
			"sourceReference":"6b61fd076e4dfb309150e7ec005c1098581f15b3",
			"distType":"zip",
			"distUrl":"https:\/\/api.github.com\/repos\/ln-e\/console\/zipball\/6b61fd076e4dfb309150e7ec005c1098581f15b3",
			"distReference":"6b61fd076e4dfb309150e7ec005c1098581f15b3",
			"version":"master",
			"normilizedVersion":"9999999-dev",
			"releaseDate":null,
			"minimumStability":"dev",
			"stability":"dev",
			"requiredPackages":{},
			"require":{
				"parser":">=3.4.3"
			},
			"conflict":{},
			"devRequire":{},
			"autoload":{
				"namespace":{
					"Ln-e\/Console":"src"
				}
			},
			"devAutoload":{},
			"aliases":{},
			"dynamicDocRoot":false,
			"docRoot":"www",
			"repository":null,
			"uniqueName":"ln-e\/consolemaster"
		},
		"als\/path":{
			"name":"als\/path",
			"type":"library",
			"targetDir":"als\/path",
			"sourceType":"git",
			"sourceUrl":"https:\/\/github.com\/ln-e\/als.path.git",
			"sourceReference":"cd3363862ef4695d2709a64e1dec90642aed75ea",
			"distType":"zip",
			"distUrl":"https:\/\/api.github.com\/repos\/als\/path\/zipball\/cd3363862ef4695d2709a64e1dec90642aed75ea",
			"distReference":"cd3363862ef4695d2709a64e1dec90642aed75ea",
			"version":"master",
			"normilizedVersion":"9999999-dev",
			"releaseDate":null,
			"minimumStability":"dev",
			"stability":"dev",
			"requiredPackages":{},
			"require":{
				"parser":">=3.4.3"
			},
			"conflict":{},
			"devRequire":{},
			"autoload":{
				"namespace":{
					"Als\/Path":"src"
				}
			},
			"devAutoload":{},
			"aliases":{},
			"dynamicDocRoot":false,
			"docRoot":"www",
			"repository":null,
			"uniqueName":"als\/pathmaster"
		}
	},
	"releaseDate":"1476375115",
	"updated":"1480717840"
}
